
Microsoft Visual Studio Solution File, Format Version 12.00
# Visual Studio 15
VisualStudioVersion = 15.0.28307.168
MinimumVisualStudioVersion = 10.0.40219.1
Project("{00D1A9C2-B5F0-4AF3-8072-F6C62B433612}") = "EntertainerManagement", "EntertainerManagement\EntertainerManagement.sqlproj", "{50F8BFD5-5BED-4FA1-B68C-46449EDE93B4}"
EndProject
Global
	GlobalSection(SolutionConfigurationPlatforms) = preSolution
		Debug|Any CPU = Debug|Any CPU
		Release|Any CPU = Release|Any CPU
	EndGlobalSection
	GlobalSection(ProjectConfigurationPlatforms) = postSolution
		{50F8BFD5-5BED-4FA1-B68C-46449EDE93B4}.Debug|Any CPU.ActiveCfg = Debug|Any CPU
		{50F8BFD5-5BED-4FA1-B68C-46449EDE93B4}.Debug|Any CPU.Build.0 = Debug|Any CPU
		{50F8BFD5-5BED-4FA1-B68C-46449EDE93B4}.Debug|Any CPU.Deploy.0 = Debug|Any CPU
		{50F8BFD5-5BED-4FA1-B68C-46449EDE93B4}.Release|Any CPU.ActiveCfg = Release|Any CPU
		{50F8BFD5-5BED-4FA1-B68C-46449EDE93B4}.Release|Any CPU.Build.0 = Release|Any CPU
		{50F8BFD5-5BED-4FA1-B68C-46449EDE93B4}.Release|Any CPU.Deploy.0 = Release|Any CPU
	EndGlobalSection
	GlobalSection(SolutionProperties) = preSolution
		HideSolutionNode = FALSE
	EndGlobalSection
	GlobalSection(ExtensibilityGlobals) = postSolution
		SolutionGuid = {1EBC6597-C578-4577-889A-0C7F34AD0C78}
	EndGlobalSection
EndGlobal
